
Microsoft Visual Studio Solution File, Format Version 12.00
# Visual Studio 15
Project("{FAE04EC0-301F-11D3-BF4B-00C04F79EFBC}") = "Assembly-CSharp", "Assembly-CSharp.csproj", "{0864CBAA-A553-E9B4-AB93-E12276901217}"
EndProject
Project("{FAE04EC0-301F-11D3-BF4B-00C04F79EFBC}") = "Assembly-CSharp-Editor", "Assembly-CSharp-Editor.csproj", "{A2F27F18-D958-536B-9F71-5153C03453D2}"
EndProject
Global
	GlobalSection(SolutionConfigurationPlatforms) = preSolution
		Debug|Any CPU = Debug|Any CPU
		Release|Any CPU = Release|Any CPU
	EndGlobalSection
	GlobalSection(ProjectConfigurationPlatforms) = postSolution
		{0864CBAA-A553-E9B4-AB93-E12276901217}.Debug|Any CPU.ActiveCfg = Debug|Any CPU
		{0864CBAA-A553-E9B4-AB93-E12276901217}.Debug|Any CPU.Build.0 = Debug|Any CPU
		{0864CBAA-A553-E9B4-AB93-E12276901217}.Release|Any CPU.ActiveCfg = Release|Any CPU
		{0864CBAA-A553-E9B4-AB93-E12276901217}.Release|Any CPU.Build.0 = Release|Any CPU
		{A2F27F18-D958-536B-9F71-5153C03453D2}.Debug|Any CPU.ActiveCfg = Debug|Any CPU
		{A2F27F18-D958-536B-9F71-5153C03453D2}.Debug|Any CPU.Build.0 = Debug|Any CPU
		{A2F27F18-D958-536B-9F71-5153C03453D2}.Release|Any CPU.ActiveCfg = Release|Any CPU
		{A2F27F18-D958-536B-9F71-5153C03453D2}.Release|Any CPU.Build.0 = Release|Any CPU
	EndGlobalSection
	GlobalSection(SolutionProperties) = preSolution
		HideSolutionNode = FALSE
	EndGlobalSection
EndGlobal
